
Microsoft Visual Studio Solution File, Format Version 12.00
# Visual Studio Version 17
VisualStudioVersion = 17.9.34728.123
MinimumVisualStudioVersion = 10.0.40219.1
Project("{9A19103F-16F7-4668-BE54-9A1E7A4F7556}") = "NesAPI", "NesAPI\NesAPI.csproj", "{34C09125-2113-44FD-AFDD-B8E1203675A4}"
EndProject
Project("{9A19103F-16F7-4668-BE54-9A1E7A4F7556}") = "Mike.API.Entities", "Mike.API.Entities\Mike.API.Entities.csproj", "{07B3D45C-9B4F-4704-9B0A-DC84271E0962}"
EndProject
Project("{9A19103F-16F7-4668-BE54-9A1E7A4F7556}") = "Mike.API.Repositories", "Mike.API.Repositories\Mike.API.Repositories.csproj", "{51C852C1-CA81-4AA0-BBFF-17A8F67C7B11}"
EndProject
Project("{FAE04EC0-301F-11D3-BF4B-00C04F79EFBC}") = "Mike.Common.DataAccess", "Mike.Common.DataAccess\Mike.Common.DataAccess.csproj", "{4253AAC1-B844-42D7-B7F0-518DE7099302}"
EndProject
Global
	GlobalSection(SolutionConfigurationPlatforms) = preSolution
		Debug|Any CPU = Debug|Any CPU
		Release|Any CPU = Release|Any CPU
	EndGlobalSection
	GlobalSection(ProjectConfigurationPlatforms) = postSolution
		{34C09125-2113-44FD-AFDD-B8E1203675A4}.Debug|Any CPU.ActiveCfg = Debug|Any CPU
		{34C09125-2113-44FD-AFDD-B8E1203675A4}.Debug|Any CPU.Build.0 = Debug|Any CPU
		{34C09125-2113-44FD-AFDD-B8E1203675A4}.Release|Any CPU.ActiveCfg = Release|Any CPU
		{34C09125-2113-44FD-AFDD-B8E1203675A4}.Release|Any CPU.Build.0 = Release|Any CPU
		{07B3D45C-9B4F-4704-9B0A-DC84271E0962}.Debug|Any CPU.ActiveCfg = Debug|Any CPU
		{07B3D45C-9B4F-4704-9B0A-DC84271E0962}.Debug|Any CPU.Build.0 = Debug|Any CPU
		{07B3D45C-9B4F-4704-9B0A-DC84271E0962}.Release|Any CPU.ActiveCfg = Release|Any CPU
		{07B3D45C-9B4F-4704-9B0A-DC84271E0962}.Release|Any CPU.Build.0 = Release|Any CPU
		{51C852C1-CA81-4AA0-BBFF-17A8F67C7B11}.Debug|Any CPU.ActiveCfg = Debug|Any CPU
		{51C852C1-CA81-4AA0-BBFF-17A8F67C7B11}.Debug|Any CPU.Build.0 = Debug|Any CPU
		{51C852C1-CA81-4AA0-BBFF-17A8F67C7B11}.Release|Any CPU.ActiveCfg = Release|Any CPU
		{51C852C1-CA81-4AA0-BBFF-17A8F67C7B11}.Release|Any CPU.Build.0 = Release|Any CPU
		{4253AAC1-B844-42D7-B7F0-518DE7099302}.Debug|Any CPU.ActiveCfg = Debug|Any CPU
		{4253AAC1-B844-42D7-B7F0-518DE7099302}.Debug|Any CPU.Build.0 = Debug|Any CPU
		{4253AAC1-B844-42D7-B7F0-518DE7099302}.Release|Any CPU.ActiveCfg = Release|Any CPU
		{4253AAC1-B844-42D7-B7F0-518DE7099302}.Release|Any CPU.Build.0 = Release|Any CPU
	EndGlobalSection
	GlobalSection(SolutionProperties) = preSolution
		HideSolutionNode = FALSE
	EndGlobalSection
	GlobalSection(ExtensibilityGlobals) = postSolution
		SolutionGuid = {54682366-6954-4851-ACF4-E2054DC787B0}
	EndGlobalSection
EndGlobal
